// !$*UTF8*$!
{
	archiveVersion = 1;
	classes = {
	};
	objectVersion = 48;
	objects = {

/* Begin PBXBuildFile section */
		D71DE0632062D5D3003EB594 /* SelectedColorViewController.swift in Sources */ = {isa = PBXBuildFile; fileRef = D71DE0622062D5D3003EB594 /* SelectedColorViewController.swift */; };
		D7BC9EBB20627F0800115DB2 /* AppDelegate.swift in Sources */ = {isa = PBXBuildFile; fileRef = D7BC9EBA20627F0800115DB2 /* AppDelegate.swift */; };
		D7BC9EC020627F0800115DB2 /* Main.storyboard in Resources */ = {isa = PBXBuildFile; fileRef = D7BC9EBE20627F0800115DB2 /* Main.storyboard */; };
		D7BC9EC220627F0800115DB2 /* Assets.xcassets in Resources */ = {isa = PBXBuildFile; fileRef = D7BC9EC120627F0800115DB2 /* Assets.xcassets */; };
		D7BC9EC520627F0800115DB2 /* LaunchScreen.storyboard in Resources */ = {isa = PBXBuildFile; fileRef = D7BC9EC320627F0800115DB2 /* LaunchScreen.storyboard */; };
		D7BC9ECD206289D900115DB2 /* ColorViewController.swift in Sources */ = {isa = PBXBuildFile; fileRef = D7BC9ECC206289D900115DB2 /* ColorViewController.swift */; };
		EB00FA202F7039921BBEDDA3 /* Pods_RxColor.framework in Frameworks */ = {isa = PBXBuildFile; fileRef = 1F3D17F3EC1F4A53AB1EF776 /* Pods_RxColor.framework */; };
/* End PBXBuildFile section */

/* Begin PBXFileReference section */
		1F3D17F3EC1F4A53AB1EF776 /* Pods_RxColor.framework */ = {isa = PBXFileReference; explicitFileType = wrapper.framework; includeInIndex = 0; path = Pods_RxColor.framework; sourceTree = BUILT_PRODUCTS_DIR; };
		5094690F86A02F4ADA5AF800 /* Pods-RxColor.release.xcconfig */ = {isa = PBXFileReference; includeInIndex = 1; lastKnownFileType = text.xcconfig; name = "Pods-RxColor.release.xcconfig"; path = "Pods/Target Support Files/Pods-RxColor/Pods-RxColor.release.xcconfig"; sourceTree = "<group>"; };
		D2CF3B35DA9DFCDDE1472AFA /* Pods-RxColor.debug.xcconfig */ = {isa = PBXFileReference; includeInIndex = 1; lastKnownFileType = text.xcconfig; name = "Pods-RxColor.debug.xcconfig"; path = "Pods/Target Support Files/Pods-RxColor/Pods-RxColor.debug.xcconfig"; sourceTree = "<group>"; };
		D71DE0622062D5D3003EB594 /* SelectedColorViewController.swift */ = {isa = PBXFileReference; lastKnownFileType = sourcecode.swift; path = SelectedColorViewController.swift; sourceTree = "<group>"; };
		D7BC9EB720627F0800115DB2 /* RxColor.app */ = {isa = PBXFileReference; explicitFileType = wrapper.application; includeInIndex = 0; path = RxColor.app; sourceTree = BUILT_PRODUCTS_DIR; };
		D7BC9EBA20627F0800115DB2 /* AppDelegate.swift */ = {isa = PBXFileReference; lastKnownFileType = sourcecode.swift; path = AppDelegate.swift; sourceTree = "<group>"; };
		D7BC9EBF20627F0800115DB2 /* Base */ = {isa = PBXFileReference; lastKnownFileType = file.storyboard; name = Base; path = Base.lproj/Main.storyboard; sourceTree = "<group>"; };
		D7BC9EC120627F0800115DB2 /* Assets.xcassets */ = {isa = PBXFileReference; lastKnownFileType = folder.assetcatalog; path = Assets.xcassets; sourceTree = "<group>"; };
		D7BC9EC420627F0800115DB2 /* Base */ = {isa = PBXFileReference; lastKnownFileType = file.storyboard; name = Base; path = Base.lproj/LaunchScreen.storyboard; sourceTree = "<group>"; };
		D7BC9EC620627F0800115DB2 /* Info.plist */ = {isa = PBXFileReference; lastKnownFileType = text.plist.xml; path = Info.plist; sourceTree = "<group>"; };
		D7BC9ECC206289D900115DB2 /* ColorViewController.swift */ = {isa = PBXFileReference; lastKnownFileType = sourcecode.swift; path = ColorViewController.swift; sourceTree = "<group>"; };
/* End PBXFileReference section */

/* Begin PBXFrameworksBuildPhase section */
		D7BC9EB420627F0800115DB2 /* Frameworks */ = {
			isa = PBXFrameworksBuildPhase;
			buildActionMask = 2147483647;
			files = (
				EB00FA202F7039921BBEDDA3 /* Pods_RxColor.framework in Frameworks */,
			);
			runOnlyForDeploymentPostprocessing = 0;
		};
/* End PBXFrameworksBuildPhase section */

/* Begin PBXGroup section */
		247CD4F9CA392D4A98147EB6 /* Pods */ = {
			isa = PBXGroup;
			children = (
				D2CF3B35DA9DFCDDE1472AFA /* Pods-RxColor.debug.xcconfig */,
				5094690F86A02F4ADA5AF800 /* Pods-RxColor.release.xcconfig */,
			);
			name = Pods;
			sourceTree = "<group>";
		};
		66D15E4A3A23A6C2DF4017F3 /* Frameworks */ = {
			isa = PBXGroup;
			children = (
				1F3D17F3EC1F4A53AB1EF776 /* Pods_RxColor.framework */,
			);
			name = Frameworks;
			sourceTree = "<group>";
		};
		D7BC9EAE20627F0800115DB2 = {
			isa = PBXGroup;
			children = (
				D7BC9EB920627F0800115DB2 /* RxColor */,
				D7BC9EB820627F0800115DB2 /* Products */,
				247CD4F9CA392D4A98147EB6 /* Pods */,
				66D15E4A3A23A6C2DF4017F3 /* Frameworks */,
			);
			sourceTree = "<group>";
		};
		D7BC9EB820627F0800115DB2 /* Products */ = {
			isa = PBXGroup;
			children = (
				D7BC9EB720627F0800115DB2 /* RxColor.app */,
			);
			name = Products;
			sourceTree = "<group>";
		};
		D7BC9EB920627F0800115DB2 /* RxColor */ = {
			isa = PBXGroup;
			children = (
				D7BC9EBA20627F0800115DB2 /* AppDelegate.swift */,
				D7BC9ECC206289D900115DB2 /* ColorViewController.swift */,
				D71DE0622062D5D3003EB594 /* SelectedColorViewController.swift */,
				D7BC9EBE20627F0800115DB2 /* Main.storyboard */,
				D7BC9EC120627F0800115DB2 /* Assets.xcassets */,
				D7BC9EC320627F0800115DB2 /* LaunchScreen.storyboard */,
				D7BC9EC620627F0800115DB2 /* Info.plist */,
			);
			path = RxColor;
			sourceTree = "<group>";
		};
/* End PBXGroup section */

/* Begin PBXNativeTarget section */
		D7BC9EB620627F0800115DB2 /* RxColor */ = {
			isa = PBXNativeTarget;
			buildConfigurationList = D7BC9EC920627F0800115DB2 /* Build configuration list for PBXNativeTarget "RxColor" */;
			buildPhases = (
				C3FA0ACF2D12C6BF74D941CC /* [CP] Check Pods Manifest.lock */,
				D7BC9EB320627F0800115DB2 /* Sources */,
				D7BC9EB420627F0800115DB2 /* Frameworks */,
				D7BC9EB520627F0800115DB2 /* Resources */,
				6887D6DB357EBE070BA1EA94 /* [CP] Embed Pods Frameworks */,
				C974584F7C2F638E040E4363 /* [CP] Copy Pods Resources */,
			);
			buildRules = (
			);
			dependencies = (
			);
			name = RxColor;
			productName = RxColor;
			productReference = D7BC9EB720627F0800115DB2 /* RxColor.app */;
			productType = "com.apple.product-type.application";
		};
/* End PBXNativeTarget section */

/* Begin PBXProject section */
		D7BC9EAF20627F0800115DB2 /* Project object */ = {
			isa = PBXProject;
			attributes = {
				LastSwiftUpdateCheck = 0920;
				LastUpgradeCheck = 0920;
				ORGANIZATIONNAME = Jeansung;
				TargetAttributes = {
					D7BC9EB620627F0800115DB2 = {
						CreatedOnToolsVersion = 9.2;
						ProvisioningStyle = Automatic;
					};
				};
			};
			buildConfigurationList = D7BC9EB220627F0800115DB2 /* Build configuration list for PBXProject "RxColor" */;
			compatibilityVersion = "Xcode 8.0";
			developmentRegion = en;
			hasScannedForEncodings = 0;
			knownRegions = (
				en,
				Base,
			);
			mainGroup = D7BC9EAE20627F0800115DB2;
			productRefGroup = D7BC9EB820627F0800115DB2 /* Products */;
			projectDirPath = "";
			projectRoot = "";
			targets = (
				D7BC9EB620627F0800115DB2 /* RxColor */,
			);
		};
/* End PBXProject section */

/* Begin PBXResourcesBuildPhase section */
		D7BC9EB520627F0800115DB2 /* Resources */ = {
			isa = PBXResourcesBuildPhase;
			buildActionMask = 2147483647;
			files = (
				D7BC9EC520627F0800115DB2 /* LaunchScreen.storyboard in Resources */,
				D7BC9EC220627F0800115DB2 /* Assets.xcassets in Resources */,
				D7BC9EC020627F0800115DB2 /* Main.storyboard in Resources */,
			);
			runOnlyForDeploymentPostprocessing = 0;
		};
/* End PBXResourcesBuildPhase section */

/* Begin PBXShellScriptBuildPhase section */
		6887D6DB357EBE070BA1EA94 /* [CP] Embed Pods Frameworks */ = {
			isa = PBXShellScriptBuildPhase;
			buildActionMask = 2147483647;
			files = (
			);
			inputPaths = (
				"${SRCROOT}/Pods/Target Support Files/Pods-RxColor/Pods-RxColor-frameworks.sh",
				"${BUILT_PRODUCTS_DIR}/Differentiator/Differentiator.framework",
				"${BUILT_PRODUCTS_DIR}/RxCocoa/RxCocoa.framework",
				"${BUILT_PRODUCTS_DIR}/RxDataSources/RxDataSources.framework",
				"${BUILT_PRODUCTS_DIR}/RxSwift/RxSwift.framework",
				"${BUILT_PRODUCTS_DIR}/RxSwiftExt/RxSwiftExt.framework",
			);
			name = "[CP] Embed Pods Frameworks";
			outputPaths = (
				"${TARGET_BUILD_DIR}/${FRAMEWORKS_FOLDER_PATH}/Differentiator.framework",
				"${TARGET_BUILD_DIR}/${FRAMEWORKS_FOLDER_PATH}/RxCocoa.framework",
				"${TARGET_BUILD_DIR}/${FRAMEWORKS_FOLDER_PATH}/RxDataSources.framework",
				"${TARGET_BUILD_DIR}/${FRAMEWORKS_FOLDER_PATH}/RxSwift.framework",
				"${TARGET_BUILD_DIR}/${FRAMEWORKS_FOLDER_PATH}/RxSwiftExt.framework",
			);
			runOnlyForDeploymentPostprocessing = 0;
			shellPath = /bin/sh;
			shellScript = "\"${SRCROOT}/Pods/Target Support Files/Pods-RxColor/Pods-RxColor-frameworks.sh\"\n";
			showEnvVarsInLog = 0;
		};
		C3FA0ACF2D12C6BF74D941CC /* [CP] Check Pods Manifest.lock */ = {
			isa = PBXShellScriptBuildPhase;
			buildActionMask = 2147483647;
			files = (
			);
			inputPaths = (
				"${PODS_PODFILE_DIR_PATH}/Podfile.lock",
				"${PODS_ROOT}/Manifest.lock",
			);
			name = "[CP] Check Pods Manifest.lock";
			outputPaths = (
				"$(DERIVED_FILE_DIR)/Pods-RxColor-checkManifestLockResult.txt",
			);
			runOnlyForDeploymentPostprocessing = 0;
			shellPath = /bin/sh;
			shellScript = "diff \"${PODS_PODFILE_DIR_PATH}/Podfile.lock\" \"${PODS_ROOT}/Manifest.lock\" > /dev/null\nif [ $? != 0 ] ; then\n    # print error to STDERR\n    echo \"error: The sandbox is not in sync with the Podfile.lock. Run 'pod install' or update your CocoaPods installation.\" >&2\n    exit 1\nfi\n# This output is used by Xcode 'outputs' to avoid re-running this script phase.\necho \"SUCCESS\" > \"${SCRIPT_OUTPUT_FILE_0}\"\n";
			showEnvVarsInLog = 0;
		};
		C974584F7C2F638E040E4363 /* [CP] Copy Pods Resources */ = {
			isa = PBXShellScriptBuildPhase;
			buildActionMask = 2147483647;
			files = (
			);
			inputPaths = (
			);
			name = "[CP] Copy Pods Resources";
			outputPaths = (
			);
			runOnlyForDeploymentPostprocessing = 0;
			shellPath = /bin/sh;
			shellScript = "\"${SRCROOT}/Pods/Target Support Files/Pods-RxColor/Pods-RxColor-resources.sh\"\n";
			showEnvVarsInLog = 0;
		};
/* End PBXShellScriptBuildPhase section */

/* Begin PBXSourcesBuildPhase section */
		D7BC9EB320627F0800115DB2 /* Sources */ = {
			isa = PBXSourcesBuildPhase;
			buildActionMask = 2147483647;
			files = (
				D71DE0632062D5D3003EB594 /* SelectedColorViewController.swift in Sources */,
				D7BC9ECD206289D900115DB2 /* ColorViewController.swift in Sources */,
				D7BC9EBB20627F0800115DB2 /* AppDelegate.swift in Sources */,
			);
			runOnlyForDeploymentPostprocessing = 0;
		};
/* End PBXSourcesBuildPhase section */

/* Begin PBXVariantGroup section */
		D7BC9EBE20627F0800115DB2 /* Main.storyboard */ = {
			isa = PBXVariantGroup;
			children = (
				D7BC9EBF20627F0800115DB2 /* Base */,
			);
			name = Main.storyboard;
			sourceTree = "<group>";
		};
		D7BC9EC320627F0800115DB2 /* LaunchScreen.storyboard */ = {
			isa = PBXVariantGroup;
			children = (
				D7BC9EC420627F0800115DB2 /* Base */,
			);
			name = LaunchScreen.storyboard;
			sourceTree = "<group>";
		};
/* End PBXVariantGroup section */

/* Begin XCBuildConfiguration section */
		D7BC9EC720627F0800115DB2 /* Debug */ = {
			isa = XCBuildConfiguration;
			buildSettings = {
				ALWAYS_SEARCH_USER_PATHS = NO;
				CLANG_ANALYZER_NONNULL = YES;
				CLANG_ANALYZER_NUMBER_OBJECT_CONVERSION = YES_AGGRESSIVE;
				CLANG_CXX_LANGUAGE_STANDARD = "gnu++14";
				CLANG_CXX_LIBRARY = "libc++";
				CLANG_ENABLE_MODULES = YES;
				CLANG_ENABLE_OBJC_ARC = YES;
				CLANG_WARN_BLOCK_CAPTURE_AUTORELEASING = YES;
				CLANG_WARN_BOOL_CONVERSION = YES;
				CLANG_WARN_COMMA = YES;
				CLANG_WARN_CONSTANT_CONVERSION = YES;
				CLANG_WARN_DIRECT_OBJC_ISA_USAGE = YES_ERROR;
				CLANG_WARN_DOCUMENTATION_COMMENTS = YES;
				CLANG_WARN_EMPTY_BODY = YES;
				CLANG_WARN_ENUM_CONVERSION = YES;
				CLANG_WARN_INFINITE_RECURSION = YES;
				CLANG_WARN_INT_CONVERSION = YES;
				CLANG_WARN_NON_LITERAL_NULL_CONVERSION = YES;
				CLANG_WARN_OBJC_LITERAL_CONVERSION = YES;
				CLANG_WARN_OBJC_ROOT_CLASS = YES_ERROR;
				CLANG_WARN_RANGE_LOOP_ANALYSIS = YES;
				CLANG_WARN_STRICT_PROTOTYPES = YES;
				CLANG_WARN_SUSPICIOUS_MOVE = YES;
				CLANG_WARN_UNGUARDED_AVAILABILITY = YES_AGGRESSIVE;
				CLANG_WARN_UNREACHABLE_CODE = YES;
				CLANG_WARN__DUPLICATE_METHOD_MATCH = YES;
				CODE_SIGN_IDENTITY = "iPhone Developer";
				COPY_PHASE_STRIP = NO;
				DEBUG_INFORMATION_FORMAT = dwarf;
				ENABLE_STRICT_OBJC_MSGSEND = YES;
				ENABLE_TESTABILITY = YES;
				GCC_C_LANGUAGE_STANDARD = gnu11;
				GCC_DYNAMIC_NO_PIC = NO;
				GCC_NO_COMMON_BLOCKS = YES;
				GCC_OPTIMIZATION_LEVEL = 0;
				GCC_PREPROCESSOR_DEFINITIONS = (
					"DEBUG=1",
					"$(inherited)",
				);
				GCC_WARN_64_TO_32_BIT_CONVERSION = YES;
				GCC_WARN_ABOUT_RETURN_TYPE = YES_ERROR;
				GCC_WARN_UNDECLARED_SELECTOR = YES;
				GCC_WARN_UNINITIALIZED_AUTOS = YES_AGGRESSIVE;
				GCC_WARN_UNUSED_FUNCTION = YES;
				GCC_WARN_UNUSED_VARIABLE = YES;
				IPHONEOS_DEPLOYMENT_TARGET = 11.2;
				MTL_ENABLE_DEBUG_INFO = YES;
				ONLY_ACTIVE_ARCH = YES;
				SDKROOT = iphoneos;
				SWIFT_ACTIVE_COMPILATION_CONDITIONS = DEBUG;
				SWIFT_OPTIMIZATION_LEVEL = "-Onone";
			};
			name = Debug;
		};
		D7BC9EC820627F0800115DB2 /* Release */ = {
			isa = XCBuildConfiguration;
			buildSettings = {
				ALWAYS_SEARCH_USER_PATHS = NO;
				CLANG_ANALYZER_NONNULL = YES;
				CLANG_ANALYZER_NUMBER_OBJECT_CONVERSION = YES_AGGRESSIVE;
				CLANG_CXX_LANGUAGE_STANDARD = "gnu++14";
				CLANG_CXX_LIBRARY = "libc++";
				CLANG_ENABLE_MODULES = YES;
				CLANG_ENABLE_OBJC_ARC = YES;
				CLANG_WARN_BLOCK_CAPTURE_AUTORELEASING = YES;
				CLANG_WARN_BOOL_CONVERSION = YES;
				CLANG_WARN_COMMA = YES;
				CLANG_WARN_CONSTANT_CONVERSION = YES;
				CLANG_WARN_DIRECT_OBJC_ISA_USAGE = YES_ERROR;
				CLANG_WARN_DOCUMENTATION_COMMENTS = YES;
				CLANG_WARN_EMPTY_BODY = YES;
				CLANG_WARN_ENUM_CONVERSION = YES;
				CLANG_WARN_INFINITE_RECURSION = YES;
				CLANG_WARN_INT_CONVERSION = YES;
				CLANG_WARN_NON_LITERAL_NULL_CONVERSION = YES;
				CLANG_WARN_OBJC_LITERAL_CONVERSION = YES;
				CLANG_WARN_OBJC_ROOT_CLASS = YES_ERROR;
				CLANG_WARN_RANGE_LOOP_ANALYSIS = YES;
				CLANG_WARN_STRICT_PROTOTYPES = YES;
				CLANG_WARN_SUSPICIOUS_MOVE = YES;
				CLANG_WARN_UNGUARDED_AVAILABILITY = YES_AGGRESSIVE;
				CLANG_WARN_UNREACHABLE_CODE = YES;
				CLANG_WARN__DUPLICATE_METHOD_MATCH = YES;
				CODE_SIGN_IDENTITY = "iPhone Developer";
				COPY_PHASE_STRIP = NO;
				DEBUG_INFORMATION_FORMAT = "dwarf-with-dsym";
				ENABLE_NS_ASSERTIONS = NO;
				ENABLE_STRICT_OBJC_MSGSEND = YES;
				GCC_C_LANGUAGE_STANDARD = gnu11;
				GCC_NO_COMMON_BLOCKS = YES;
				GCC_WARN_64_TO_32_BIT_CONVERSION = YES;
				GCC_WARN_ABOUT_RETURN_TYPE = YES_ERROR;
				GCC_WARN_UNDECLARED_SELECTOR = YES;
				GCC_WARN_UNINITIALIZED_AUTOS = YES_AGGRESSIVE;
				GCC_WARN_UNUSED_FUNCTION = YES;
				GCC_WARN_UNUSED_VARIABLE = YES;
				IPHONEOS_DEPLOYMENT_TARGET = 11.2;
				MTL_ENABLE_DEBUG_INFO = NO;
				SDKROOT = iphoneos;
				SWIFT_OPTIMIZATION_LEVEL = "-Owholemodule";
				VALIDATE_PRODUCT = YES;
			};
			name = Release;
		};
		D7BC9ECA20627F0800115DB2 /* Debug */ = {
			isa = XCBuildConfiguration;
			baseConfigurationReference = D2CF3B35DA9DFCDDE1472AFA /* Pods-RxColor.debug.xcconfig */;
			buildSettings = {
				ASSETCATALOG_COMPILER_APPICON_NAME = AppIcon;
				CODE_SIGN_STYLE = Automatic;
				INFOPLIST_FILE = RxColor/Info.plist;
				LD_RUNPATH_SEARCH_PATHS = "$(inherited) @executable_path/Frameworks";
				PRODUCT_BUNDLE_IDENTIFIER = com.jeansung.RxColor;
				PRODUCT_NAME = "$(TARGET_NAME)";
				SWIFT_VERSION = 4.0;
				TARGETED_DEVICE_FAMILY = "1,2";
			};
			name = Debug;
		};
		D7BC9ECB20627F0800115DB2 /* Release */ = {
			isa = XCBuildConfiguration;
			baseConfigurationReference = 5094690F86A02F4ADA5AF800 /* Pods-RxColor.release.xcconfig */;
			buildSettings = {
				ASSETCATALOG_COMPILER_APPICON_NAME = AppIcon;
				CODE_SIGN_STYLE = Automatic;
				INFOPLIST_FILE = RxColor/Info.plist;
				LD_RUNPATH_SEARCH_PATHS = "$(inherited) @executable_path/Frameworks";
				PRODUCT_BUNDLE_IDENTIFIER = com.jeansung.RxColor;
				PRODUCT_NAME = "$(TARGET_NAME)";
				SWIFT_VERSION = 4.0;
				TARGETED_DEVICE_FAMILY = "1,2";
			};
			name = Release;
		};
/* End XCBuildConfiguration section */

/* Begin XCConfigurationList section */
		D7BC9EB220627F0800115DB2 /* Build configuration list for PBXProject "RxColor" */ = {
			isa = XCConfigurationList;
			buildConfigurations = (
				D7BC9EC720627F0800115DB2 /* Debug */,
				D7BC9EC820627F0800115DB2 /* Release */,
			);
			defaultConfigurationIsVisible = 0;
			defaultConfigurationName = Release;
		};
		D7BC9EC920627F0800115DB2 /* Build configuration list for PBXNativeTarget "RxColor" */ = {
			isa = XCConfigurationList;
			buildConfigurations = (
				D7BC9ECA20627F0800115DB2 /* Debug */,
				D7BC9ECB20627F0800115DB2 /* Release */,
			);
			defaultConfigurationIsVisible = 0;
			defaultConfigurationName = Release;
		};
/* End XCConfigurationList section */
	};
	rootObject = D7BC9EAF20627F0800115DB2 /* Project object */;
}
